
Microsoft Visual Studio Solution File, Format Version 12.00
# Visual Studio Version 17
VisualStudioVersion = 17.10.35013.160
MinimumVisualStudioVersion = 10.0.40219.1
Project("{FAE04EC0-301F-11D3-BF4B-00C04F79EFBC}") = "PDVElectronicBill", "PDVElectronicBill\ElectronicBillQueueTrigger.csproj", "{9ADB6EBD-56B6-44DD-855A-77F8DAFF54D8}"
EndProject
Global
	GlobalSection(SolutionConfigurationPlatforms) = preSolution
		Debug|Any CPU = Debug|Any CPU
		Release|Any CPU = Release|Any CPU
	EndGlobalSection
	GlobalSection(ProjectConfigurationPlatforms) = postSolution
		{9ADB6EBD-56B6-44DD-855A-77F8DAFF54D8}.Debug|Any CPU.ActiveCfg = Debug|Any CPU
		{9ADB6EBD-56B6-44DD-855A-77F8DAFF54D8}.Debug|Any CPU.Build.0 = Debug|Any CPU
		{9ADB6EBD-56B6-44DD-855A-77F8DAFF54D8}.Release|Any CPU.ActiveCfg = Release|Any CPU
		{9ADB6EBD-56B6-44DD-855A-77F8DAFF54D8}.Release|Any CPU.Build.0 = Release|Any CPU
	EndGlobalSection
	GlobalSection(SolutionProperties) = preSolution
		HideSolutionNode = FALSE
	EndGlobalSection
	GlobalSection(ExtensibilityGlobals) = postSolution
		SolutionGuid = {18784C7F-AAD2-4A04-8FDF-E74951934B7A}
	EndGlobalSection
EndGlobal
